
Microsoft Visual Studio Solution File, Format Version 12.00
# Visual Studio Version 17
VisualStudioVersion = 17.0.31903.59
MinimumVisualStudioVersion = 10.0.40219.1
Project("{FAE04EC0-301F-11D3-BF4B-00C04F79EFBC}") = "Test", "Test\Test.csproj", "{524F4450-CF02-489C-BE80-4B1FA8881E92}"
EndProject
Project("{FAE04EC0-301F-11D3-BF4B-00C04F79EFBC}") = "Core", "Core\Core.csproj", "{30DBC7E9-594E-4D07-9CA5-38ABE65A021F}"
EndProject
Project("{FAE04EC0-301F-11D3-BF4B-00C04F79EFBC}") = "DefaultImplementation", "DefaultImplementation\DefaultImplementation.csproj", "{C2FA2BD5-5D12-4EE9-8900-B9E4C0E5ED01}"
EndProject
Global
	GlobalSection(SolutionConfigurationPlatforms) = preSolution
		Debug|Any CPU = Debug|Any CPU
		Release|Any CPU = Release|Any CPU
	EndGlobalSection
	GlobalSection(SolutionProperties) = preSolution
		HideSolutionNode = FALSE
	EndGlobalSection
	GlobalSection(ProjectConfigurationPlatforms) = postSolution
		{524F4450-CF02-489C-BE80-4B1FA8881E92}.Debug|Any CPU.ActiveCfg = Debug|Any CPU
		{524F4450-CF02-489C-BE80-4B1FA8881E92}.Debug|Any CPU.Build.0 = Debug|Any CPU
		{524F4450-CF02-489C-BE80-4B1FA8881E92}.Release|Any CPU.ActiveCfg = Release|Any CPU
		{524F4450-CF02-489C-BE80-4B1FA8881E92}.Release|Any CPU.Build.0 = Release|Any CPU
		{30DBC7E9-594E-4D07-9CA5-38ABE65A021F}.Debug|Any CPU.ActiveCfg = Debug|Any CPU
		{30DBC7E9-594E-4D07-9CA5-38ABE65A021F}.Debug|Any CPU.Build.0 = Debug|Any CPU
		{30DBC7E9-594E-4D07-9CA5-38ABE65A021F}.Release|Any CPU.ActiveCfg = Release|Any CPU
		{30DBC7E9-594E-4D07-9CA5-38ABE65A021F}.Release|Any CPU.Build.0 = Release|Any CPU
		{C2FA2BD5-5D12-4EE9-8900-B9E4C0E5ED01}.Debug|Any CPU.ActiveCfg = Debug|Any CPU
		{C2FA2BD5-5D12-4EE9-8900-B9E4C0E5ED01}.Debug|Any CPU.Build.0 = Debug|Any CPU
		{C2FA2BD5-5D12-4EE9-8900-B9E4C0E5ED01}.Release|Any CPU.ActiveCfg = Release|Any CPU
		{C2FA2BD5-5D12-4EE9-8900-B9E4C0E5ED01}.Release|Any CPU.Build.0 = Release|Any CPU
	EndGlobalSection
EndGlobal
